
Microsoft Visual Studio Solution File, Format Version 12.00
# Visual Studio Version 17
VisualStudioVersion = 17.3.32811.315
MinimumVisualStudioVersion = 10.0.40219.1
Project("{FAE04EC0-301F-11D3-BF4B-00C04F79EFBC}") = "Labo pendu", "Labo pendu.csproj", "{2DA1396C-C3D5-434F-8070-17E63C8681E0}"
EndProject
Global
	GlobalSection(SolutionConfigurationPlatforms) = preSolution
		Debug|Any CPU = Debug|Any CPU
		Release|Any CPU = Release|Any CPU
	EndGlobalSection
	GlobalSection(ProjectConfigurationPlatforms) = postSolution
		{2DA1396C-C3D5-434F-8070-17E63C8681E0}.Debug|Any CPU.ActiveCfg = Debug|Any CPU
		{2DA1396C-C3D5-434F-8070-17E63C8681E0}.Debug|Any CPU.Build.0 = Debug|Any CPU
		{2DA1396C-C3D5-434F-8070-17E63C8681E0}.Release|Any CPU.ActiveCfg = Release|Any CPU
		{2DA1396C-C3D5-434F-8070-17E63C8681E0}.Release|Any CPU.Build.0 = Release|Any CPU
	EndGlobalSection
	GlobalSection(SolutionProperties) = preSolution
		HideSolutionNode = FALSE
	EndGlobalSection
	GlobalSection(ExtensibilityGlobals) = postSolution
		SolutionGuid = {85147371-0032-4825-B58A-444973877C2D}
	EndGlobalSection
EndGlobal
